
Microsoft Visual Studio Solution File, Format Version 12.00
# Visual Studio Version 17
VisualStudioVersion = 17.6.33829.357
MinimumVisualStudioVersion = 10.0.40219.1
Project("{2150E333-8FDC-42A3-9474-1A3956D46DE8}") = "SolutionItems", "SolutionItems", "{1DF52000-F7E3-4072-91DA-EE2614A64D20}"
	ProjectSection(SolutionItems) = preProject
		VBACalls.txt = VBACalls.txt
	EndProjectSection
EndProject
Project("{9A19103F-16F7-4668-BE54-9A1E7A4F7556}") = "IISHF", "IISHF\IISHF.csproj", "{43E70074-35D8-4BE7-AF6B-BB900900F582}"
EndProject
Project("{9A19103F-16F7-4668-BE54-9A1E7A4F7556}") = "IISHF.Core", "IISHF.Core\IISHF.Core\IISHF.Core.csproj", "{C0387C42-1B38-48EE-B6EE-6D7A8B290279}"
EndProject
Global
	GlobalSection(SolutionConfigurationPlatforms) = preSolution
		Debug|Any CPU = Debug|Any CPU
		Release|Any CPU = Release|Any CPU
	EndGlobalSection
	GlobalSection(ProjectConfigurationPlatforms) = postSolution
		{43E70074-35D8-4BE7-AF6B-BB900900F582}.Debug|Any CPU.ActiveCfg = Debug|Any CPU
		{43E70074-35D8-4BE7-AF6B-BB900900F582}.Debug|Any CPU.Build.0 = Debug|Any CPU
		{43E70074-35D8-4BE7-AF6B-BB900900F582}.Release|Any CPU.ActiveCfg = Release|Any CPU
		{43E70074-35D8-4BE7-AF6B-BB900900F582}.Release|Any CPU.Build.0 = Release|Any CPU
		{C0387C42-1B38-48EE-B6EE-6D7A8B290279}.Debug|Any CPU.ActiveCfg = Debug|Any CPU
		{C0387C42-1B38-48EE-B6EE-6D7A8B290279}.Debug|Any CPU.Build.0 = Debug|Any CPU
		{C0387C42-1B38-48EE-B6EE-6D7A8B290279}.Release|Any CPU.ActiveCfg = Release|Any CPU
		{C0387C42-1B38-48EE-B6EE-6D7A8B290279}.Release|Any CPU.Build.0 = Release|Any CPU
	EndGlobalSection
	GlobalSection(SolutionProperties) = preSolution
		HideSolutionNode = FALSE
	EndGlobalSection
	GlobalSection(ExtensibilityGlobals) = postSolution
		SolutionGuid = {C5E82A08-08A6-46E5-9204-BB8F6EAB0A24}
	EndGlobalSection
EndGlobal
